
Microsoft Visual Studio Solution File, Format Version 12.00
# Visual Studio 15
VisualStudioVersion = 15.0.27004.2009
MinimumVisualStudioVersion = 10.0.40219.1
Project("{FAE04EC0-301F-11D3-BF4B-00C04F79EFBC}") = "AKQAGayatri", "AKQAGayatri\AKQAGayatri.csproj", "{DD6CFDC8-F725-4241-82D9-7FB8D53D7DD8}"
EndProject
Project("{FAE04EC0-301F-11D3-BF4B-00C04F79EFBC}") = "AKQAGayatri.Tests", "AKQAGayatri.Tests\AKQAGayatri.Tests.csproj", "{72F6C159-8E45-441A-90A9-7F7022E0F99E}"
EndProject
Global
	GlobalSection(SolutionConfigurationPlatforms) = preSolution
		Debug|Any CPU = Debug|Any CPU
		Release|Any CPU = Release|Any CPU
	EndGlobalSection
	GlobalSection(ProjectConfigurationPlatforms) = postSolution
		{DD6CFDC8-F725-4241-82D9-7FB8D53D7DD8}.Debug|Any CPU.ActiveCfg = Debug|Any CPU
		{DD6CFDC8-F725-4241-82D9-7FB8D53D7DD8}.Debug|Any CPU.Build.0 = Debug|Any CPU
		{DD6CFDC8-F725-4241-82D9-7FB8D53D7DD8}.Release|Any CPU.ActiveCfg = Release|Any CPU
		{DD6CFDC8-F725-4241-82D9-7FB8D53D7DD8}.Release|Any CPU.Build.0 = Release|Any CPU
		{72F6C159-8E45-441A-90A9-7F7022E0F99E}.Debug|Any CPU.ActiveCfg = Debug|Any CPU
		{72F6C159-8E45-441A-90A9-7F7022E0F99E}.Debug|Any CPU.Build.0 = Debug|Any CPU
		{72F6C159-8E45-441A-90A9-7F7022E0F99E}.Release|Any CPU.ActiveCfg = Release|Any CPU
		{72F6C159-8E45-441A-90A9-7F7022E0F99E}.Release|Any CPU.Build.0 = Release|Any CPU
	EndGlobalSection
	GlobalSection(SolutionProperties) = preSolution
		HideSolutionNode = FALSE
	EndGlobalSection
	GlobalSection(ExtensibilityGlobals) = postSolution
		SolutionGuid = {01D26991-CF7B-4D08-9E7C-DE7CB5E89B21}
	EndGlobalSection
EndGlobal
